# This file is automatically @generated by Poetry 1.6.1 and should not be changed by hand.

[[package]]
name = "altgraph"
version = "0.17.4"
description = "Python graph (network) package"
optional = false
python-versions = "*"
files = [
    {file = "altgraph-0.17.4-py2.py3-none-any.whl", hash = "sha256:642743b4750de17e655e6711601b077bc6598dbfa3ba5fa2b2a35ce12b508dff"},
    {file = "altgraph-0.17.4.tar.gz", hash = "sha256:1b5afbb98f6c4dcadb2e2ae6ab9fa994bbb8c1d75f4fa96d340f9437ae454406"},
]

[[package]]
name = "evdev"
version = "1.6.1"
description = "Bindings to the Linux input handling subsystem"
optional = false
python-versions = "*"
files = [
    {file = "evdev-1.6.1.tar.gz", hash = "sha256:299db8628cc73b237fc1cc57d3c2948faa0756e2a58b6194b5bf81dc2081f1e3"},
]

[[package]]
name = "macholib"
version = "1.16.3"
description = "Mach-O header analysis and editing"
optional = false
python-versions = "*"
files = [
    {file = "macholib-1.16.3-py2.py3-none-any.whl", hash = "sha256:0e315d7583d38b8c77e815b1ecbdbf504a8258d8b3e17b61165c6feb60d18f2c"},
    {file = "macholib-1.16.3.tar.gz", hash = "sha256:07ae9e15e8e4cd9a788013d81f5908b3609aa76f9b1421bae9c4d7606ec86a30"},
]

[package.dependencies]
altgraph = ">=0.17"

[[package]]
name = "packaging"
version = "23.2"
description = "Core utilities for Python packages"
optional = false
python-versions = ">=3.7"
files = [
    {file = "packaging-23.2-py3-none-any.whl", hash = "sha256:8c491190033a9af7e1d931d0b5dacc2ef47509b34dd0de67ed209b5203fc88c7"},
    {file = "packaging-23.2.tar.gz", hash = "sha256:048fb0e9405036518eaaf48a55953c750c11e1a1b68e0dd1a9d62ed0c092cfc5"},
]

[[package]]
name = "pefile"
version = "2023.2.7"
description = "Python PE parsing module"
optional = false
python-versions = ">=3.6.0"
files = [
    {file = "pefile-2023.2.7-py3-none-any.whl", hash = "sha256:da185cd2af68c08a6cd4481f7325ed600a88f6a813bad9dea07ab3ef73d8d8d6"},
    {file = "pefile-2023.2.7.tar.gz", hash = "sha256:82e6114004b3d6911c77c3953e3838654b04511b8b66e8583db70c65998017dc"},
]

[[package]]
name = "pyinstaller"
version = "6.1.0"
description = "PyInstaller bundles a Python application and all its dependencies into a single package."
optional = false
python-versions = "<3.13,>=3.8"
files = [
    {file = "pyinstaller-6.1.0-py3-none-macosx_10_13_universal2.whl", hash = "sha256:da78942d31c1911ea4abcd3ca3bd0c062af7f163a5e227fd18a359b61deda4ca"},
    {file = "pyinstaller-6.1.0-py3-none-manylinux2014_aarch64.whl", hash = "sha256:f63d2353537bac7bfeeaedbe5ac99f3be35daa290dd1ad1be90768acbf77e3d5"},
    {file = "pyinstaller-6.1.0-py3-none-manylinux2014_i686.whl", hash = "sha256:6e71d9f6f5a1e0f7523e8ebee1b76bb29538f64d863e3711c2b21033f499e2b9"},
    {file = "pyinstaller-6.1.0-py3-none-manylinux2014_ppc64le.whl", hash = "sha256:bebf6f442bbe6343acaec873803510ee1930d026846a018f727da4e0690081f8"},
    {file = "pyinstaller-6.1.0-py3-none-manylinux2014_s390x.whl", hash = "sha256:3c04963637481a3edf1eec64ab4c3fce098908f02fc472c11e73be7eedc08b95"},
    {file = "pyinstaller-6.1.0-py3-none-manylinux2014_x86_64.whl", hash = "sha256:4368e4eb9999ce32e3280330b3c26f175e0fa7fa13efb4d2dc4ade488ff6d7c2"},
    {file = "pyinstaller-6.1.0-py3-none-musllinux_1_1_aarch64.whl", hash = "sha256:041ab9311d08162356829bf47293a613c44dc9ace28846fb63098889c7383c5d"},
    {file = "pyinstaller-6.1.0-py3-none-musllinux_1_1_x86_64.whl", hash = "sha256:331f050e8f9e923bb6b50454acfc0547fd52092585c61eb5f2fc93de60703f13"},
    {file = "pyinstaller-6.1.0-py3-none-win32.whl", hash = "sha256:9e8b5bbc1bdf554ade1360e62e4959091430c3cc15ebfff3c28c8894fd1f312a"},
    {file = "pyinstaller-6.1.0-py3-none-win_amd64.whl", hash = "sha256:f9f5bcaef6122d93c54ee7a9ecb07eab5b81a7ebfb5cb99af2b2a6ff49eff62f"},
    {file = "pyinstaller-6.1.0-py3-none-win_arm64.whl", hash = "sha256:dd438afd2abb643f5399c0cb254a11c217c06782cb274a2911dd785f9f67fa9e"},
    {file = "pyinstaller-6.1.0.tar.gz", hash = "sha256:8f3d49c60f3344bf3d4a6d4258bda665dad185ab2b097341d3af2a6387c838ef"},
]

[package.dependencies]
altgraph = "*"
macholib = {version = ">=1.8", markers = "sys_platform == \"darwin\""}
packaging = ">=20.0"
pefile = {version = ">=2022.5.30", markers = "sys_platform == \"win32\""}
pyinstaller-hooks-contrib = ">=2021.4"
pywin32-ctypes = {version = ">=0.2.1", markers = "sys_platform == \"win32\""}
setuptools = ">=42.0.0"

[package.extras]
hook-testing = ["execnet (>=1.5.0)", "psutil", "pytest (>=2.7.3)"]

[[package]]
name = "pyinstaller-hooks-contrib"
version = "2023.10"
description = "Community maintained hooks for PyInstaller"
optional = false
python-versions = ">=3.7"
files = [
    {file = "pyinstaller-hooks-contrib-2023.10.tar.gz", hash = "sha256:4b4a998036abb713774cb26534ca06b7e6e09e4c628196017a10deb11a48747f"},
    {file = "pyinstaller_hooks_contrib-2023.10-py2.py3-none-any.whl", hash = "sha256:6dc1786a8f452941245d5bb85893e2a33632ebdcbc4c23eea41f2ee08281b0c0"},
]

[[package]]
name = "pynput"
version = "1.7.6"
description = "Monitor and control user input devices"
optional = false
python-versions = "*"
files = [
    {file = "pynput-1.7.6-py2.py3-none-any.whl", hash = "sha256:19861b2a0c430d646489852f89500e0c9332e295f2c020e7c2775e7046aa2e2f"},
    {file = "pynput-1.7.6.tar.gz", hash = "sha256:3a5726546da54116b687785d38b1db56997ce1d28e53e8d22fc656d8b92e533c"},
]

[package.dependencies]
evdev = {version = ">=1.3", markers = "sys_platform in \"linux\""}
pyobjc-framework-ApplicationServices = {version = ">=8.0", markers = "sys_platform == \"darwin\""}
pyobjc-framework-Quartz = {version = ">=8.0", markers = "sys_platform == \"darwin\""}
python-xlib = {version = ">=0.17", markers = "sys_platform in \"linux\""}
six = "*"

[[package]]
name = "pyobjc-core"
version = "10.0"
description = "Python<->ObjC Interoperability Module"
optional = false
python-versions = ">=3.8"
files = [
    {file = "pyobjc-core-10.0.tar.gz", hash = "sha256:3dd0a7b3acd7e0b8ffd3f5331b29a3aaebe79a03323e61efeece38627a6020b3"},
    {file = "pyobjc_core-10.0-cp310-cp310-macosx_10_9_universal2.whl", hash = "sha256:61ea5112a672d21b5b0ed945778707c655b17c400672aef144705674c4b95499"},
    {file = "pyobjc_core-10.0-cp311-cp311-macosx_10_9_universal2.whl", hash = "sha256:99b72cda4593e0c66037b25a178f2bcc6efffb6d5d9dcd477ecca859a1f9ae8e"},
    {file = "pyobjc_core-10.0-cp312-cp312-macosx_10_9_universal2.whl", hash = "sha256:2843ca32e86a01ccee67d7ad82a325ddd72d754929d1f2c0d96bc8741dc9af09"},
    {file = "pyobjc_core-10.0-cp38-cp38-macosx_10_9_x86_64.whl", hash = "sha256:a886b9d2a93210cab4ae72601ab005ca6f627fa2f0cc62c43c03ef1405067a11"},
    {file = "pyobjc_core-10.0-cp38-cp38-macosx_11_0_universal2.whl", hash = "sha256:166666b5c380a49e8aa1ad1dda978c581e29a00703d82203216f3c65a3f397a4"},
    {file = "pyobjc_core-10.0-cp39-cp39-macosx_10_9_universal2.whl", hash = "sha256:198a0360f64e4c0148eed07b42d1de0545f56c498c356d1d5524422bb3352907"},
]

[[package]]
name = "pyobjc-framework-applicationservices"
version = "10.0"
description = "Wrappers for the framework ApplicationServices on macOS"
optional = false
python-versions = ">=3.8"
files = [
    {file = "pyobjc-framework-ApplicationServices-10.0.tar.gz", hash = "sha256:8a667da95c09202def58746c42d5093f90be5762a52e6f5ad8beb334b51dca20"},
    {file = "pyobjc_framework_ApplicationServices-10.0-cp310-cp310-macosx_10_9_universal2.whl", hash = "sha256:b1688abb30cfd6607ae70dd07d3118a5f2d3593916342ffb842a208e7ff52f2b"},
    {file = "pyobjc_framework_ApplicationServices-10.0-cp311-cp311-macosx_10_9_universal2.whl", hash = "sha256:ebbe656c8b1a8fb3880d47ebef5cb7c95b9a646c84bc369cf132347dc4754143"},
    {file = "pyobjc_framework_ApplicationServices-10.0-cp312-cp312-macosx_10_9_universal2.whl", hash = "sha256:9cf969781616261ec7a2c427120a9fb4ac861e62bc2854de6cabdd2e4ea47141"},
    {file = "pyobjc_framework_ApplicationServices-10.0-cp38-cp38-macosx_10_9_x86_64.whl", hash = "sha256:49c4b3e6399572552ba8167bff16ef6cd2eeba6e417547a67d26316acb80f612"},
    {file = "pyobjc_framework_ApplicationServices-10.0-cp38-cp38-macosx_11_0_universal2.whl", hash = "sha256:b26b16077fbd3e32f4216b05798a9fe79b4c00c498581adf15c4f47db13ed270"},
    {file = "pyobjc_framework_ApplicationServices-10.0-cp39-cp39-macosx_10_9_universal2.whl", hash = "sha256:b20d97f6aa63c4935363f4d9bad736d92b67f46ccd9c8c8c84d08e03b2583691"},
]

[package.dependencies]
pyobjc-core = ">=10.0"
pyobjc-framework-Cocoa = ">=10.0"
pyobjc-framework-Quartz = ">=10.0"

[[package]]
name = "pyobjc-framework-cocoa"
version = "10.0"
description = "Wrappers for the Cocoa frameworks on macOS"
optional = false
python-versions = ">=3.8"
files = [
    {file = "pyobjc-framework-Cocoa-10.0.tar.gz", hash = "sha256:723421eff4f59e4ca9a9bb8ec6dafbc0f778141236fa85a49fdd86732d58a74c"},
    {file = "pyobjc_framework_Cocoa-10.0-cp310-cp310-macosx_10_9_universal2.whl", hash = "sha256:80c22a8fc7f085746d9cd222adeca8fe6790e3e6ad7eed5fc70b32aa87c10adb"},
    {file = "pyobjc_framework_Cocoa-10.0-cp311-cp311-macosx_10_9_universal2.whl", hash = "sha256:0187cba228976a45f41116c74aab079b64bacb3ffc3c886a4bd8e472bf9be581"},
    {file = "pyobjc_framework_Cocoa-10.0-cp312-cp312-macosx_10_9_universal2.whl", hash = "sha256:a81dabdc40268591e3196087388e680c6570fed1b521df9b04733cb3ece0414e"},
    {file = "pyobjc_framework_Cocoa-10.0-cp38-cp38-macosx_10_9_x86_64.whl", hash = "sha256:0a23db9ab99e338e1d8a268d873cc15408f78cec9946308393ca2241820c18b8"},
    {file = "pyobjc_framework_Cocoa-10.0-cp38-cp38-macosx_11_0_universal2.whl", hash = "sha256:a3c66fe56a5156a818fbf056c589f8140a5fdb1dcb1f1075cb34d3755474d900"},
    {file = "pyobjc_framework_Cocoa-10.0-cp39-cp39-macosx_10_9_universal2.whl", hash = "sha256:bf9020e85ead569021b15272dcd90207aab6c754093f520b11d4210a2efbdd06"},
]

[package.dependencies]
pyobjc-core = ">=10.0"

[[package]]
name = "pyobjc-framework-quartz"
version = "10.0"
description = "Wrappers for the Quartz frameworks on macOS"
optional = false
python-versions = ">=3.8"
files = [
    {file = "pyobjc-framework-Quartz-10.0.tar.gz", hash = "sha256:ff7c938d9c8adff87d577d63e58f9be6e4bc75274384715fa7a20032a1ce8b0e"},
    {file = "pyobjc_framework_Quartz-10.0-cp310-cp310-macosx_10_9_universal2.whl", hash = "sha256:f06be24fdd2112c9f5b96ede54ec48ad7623e107b85ebbd5b4155d0b1da4d45f"},
    {file = "pyobjc_framework_Quartz-10.0-cp311-cp311-macosx_10_9_universal2.whl", hash = "sha256:52848a5e283a508c6895a73cb0c950bd4dca9b1186b70dd73ddc8f436d64fd42"},
    {file = "pyobjc_framework_Quartz-10.0-cp312-cp312-macosx_10_9_universal2.whl", hash = "sha256:f0cc89890de411a341e90d2c4148831b6d241fca66e734b5470d27869c04e33c"},
    {file = "pyobjc_framework_Quartz-10.0-cp38-cp38-macosx_10_9_x86_64.whl", hash = "sha256:dc8d6edcdb0bb3dab4dbe6e6a6d420c28aa0caca53715a3e49d7f299601a723f"},
    {file = "pyobjc_framework_Quartz-10.0-cp38-cp38-macosx_11_0_universal2.whl", hash = "sha256:c4b03fade2c4aff2682cd5eae8469f3f15e089c7dd09641e24e5b54d015edfae"},
    {file = "pyobjc_framework_Quartz-10.0-cp39-cp39-macosx_10_9_universal2.whl", hash = "sha256:6975be7f776ad4c3a41655b90d67e45a9c7fa2d715b189d8599e8d227f790280"},
]

[package.dependencies]
pyobjc-core = ">=10.0"
pyobjc-framework-Cocoa = ">=10.0"

[[package]]
name = "pyqt6"
version = "6.5.3"
description = "Python bindings for the Qt cross platform application toolkit"
optional = false
python-versions = ">=3.6.1"
files = [
    {file = "PyQt6-6.5.3-cp37-abi3-macosx_10_14_universal2.whl", hash = "sha256:b5db186a6393a53874e9d54b12e63c553c9f09f3a8b77206b64334f17dcaf606"},
    {file = "PyQt6-6.5.3-cp37-abi3-manylinux_2_28_x86_64.whl", hash = "sha256:9af11aa65afd39b41712a0cf3822f2642e6f9756ebcbcf85b6e438fd9ee4d286"},
    {file = "PyQt6-6.5.3-cp37-abi3-win_amd64.whl", hash = "sha256:f95e9d415b8695d3c70c9d09b05198c163ed86c2986f5037ce4ce097d9e4f33d"},
    {file = "PyQt6-6.5.3.tar.gz", hash = "sha256:bcbbf9511b038b4924298ca10999aa36eb37a0a38d0638f895f9bba6025c0a77"},
]

[package.dependencies]
PyQt6-Qt6 = ">=6.5.0"
PyQt6-sip = ">=13.6,<14"

[[package]]
name = "pyqt6-qt6"
version = "6.5.3"
description = "The subset of a Qt installation needed by PyQt6."
optional = false
python-versions = "*"
files = [
    {file = "PyQt6_Qt6-6.5.3-py3-none-macosx_10_14_x86_64.whl", hash = "sha256:1880abc137f427fbb944d647d542dfa69e83bce8961df5357647e9d1764c51e8"},
    {file = "PyQt6_Qt6-6.5.3-py3-none-macosx_11_0_arm64.whl", hash = "sha256:04d7d5e4b8789b4c8d19cf7ca4b8439dad2a19d25775b7051cf1dfd9f498ef24"},
    {file = "PyQt6_Qt6-6.5.3-py3-none-manylinux_2_28_x86_64.whl", hash = "sha256:5bbfd6c44b3ab2e702bc761ed31351e96c92c6b85c09924dc6197b48b420a1e5"},
    {file = "PyQt6_Qt6-6.5.3-py3-none-win_amd64.whl", hash = "sha256:848311989e35bb8803d1a2a5a44e491ed5b4ef290314ff66d44c26a80cf9d24a"},
]

[[package]]
name = "pyqt6-sip"
version = "13.6.0"
description = "The sip module support for PyQt6"
optional = false
python-versions = ">=3.7"
files = [
    {file = "PyQt6_sip-13.6.0-cp310-cp310-macosx_10_9_universal2.whl", hash = "sha256:d6b5f699aaed0ac1fcd23e8fbca70d8a77965831b7c1ce474b81b1678817a49d"},
    {file = "PyQt6_sip-13.6.0-cp310-cp310-manylinux_2_5_x86_64.manylinux1_x86_64.whl", hash = "sha256:8c282062125eea5baf830c6998587d98c50be7c3a817a057fb95fef647184012"},
    {file = "PyQt6_sip-13.6.0-cp310-cp310-win32.whl", hash = "sha256:fa759b6339ff7e25f9afe2a6b651b775f0a36bcb3f5fa85e81a90d3b033c83f4"},
    {file = "PyQt6_sip-13.6.0-cp310-cp310-win_amd64.whl", hash = "sha256:8f9df9f7ccd8a9f0f1d36948c686f03ce1a1281543a3e636b7b7d5e086e1a436"},
    {file = "PyQt6_sip-13.6.0-cp311-cp311-macosx_10_9_universal2.whl", hash = "sha256:5b9c6b6f9cfccb48cbb78a59603145a698fb4ffd176764d7083e5bf47631d8df"},
    {file = "PyQt6_sip-13.6.0-cp311-cp311-manylinux_2_5_x86_64.manylinux1_x86_64.whl", hash = "sha256:86a7b67c64436e32bffa9c28c9f21bf14a9faa54991520b12c3f6f435f24df7f"},
    {file = "PyQt6_sip-13.6.0-cp311-cp311-win32.whl", hash = "sha256:58f68a48400e0b3d1ccb18090090299bad26e3aed7ccb7057c65887b79b8aeea"},
    {file = "PyQt6_sip-13.6.0-cp311-cp311-win_amd64.whl", hash = "sha256:0dfd22cfedd87e96f9d51e0778ca2ba3dc0be83e424e9e0f98f6994d8d9c90f0"},
    {file = "PyQt6_sip-13.6.0-cp312-cp312-macosx_10_9_universal2.whl", hash = "sha256:3bf03e130fbfd75c9c06e687b86ba375410c7a9e835e4e03285889e61dd4b0c4"},
    {file = "PyQt6_sip-13.6.0-cp312-cp312-manylinux_2_5_x86_64.manylinux1_x86_64.whl", hash = "sha256:43fb8551796030aae3d66d6e35e277494071ec6172cd182c9569ab7db268a2f5"},
    {file = "PyQt6_sip-13.6.0-cp312-cp312-win32.whl", hash = "sha256:13885361ca2cb2f5085d50359ba61b3fabd41b139fb58f37332acbe631ef2357"},
    {file = "PyQt6_sip-13.6.0-cp312-cp312-win_amd64.whl", hash = "sha256:24441032a29791e82beb7dfd76878339058def0e97fdb7c1cea517f3a0e6e96b"},
    {file = "PyQt6_sip-13.6.0-cp38-cp38-macosx_10_9_x86_64.whl", hash = "sha256:3075d8b325382750829e6cde6971c943352309d35768a4d4da0587459606d562"},
    {file = "PyQt6_sip-13.6.0-cp38-cp38-manylinux_2_5_x86_64.manylinux1_x86_64.whl", hash = "sha256:a6ce80bc24618d8a41be8ca51ad9f10e8bc4296dd90ab2809573df30a23ae0e5"},
    {file = "PyQt6_sip-13.6.0-cp38-cp38-win32.whl", hash = "sha256:fa7b10af7488efc5e53b41dd42c0f421bde6c2865a107af7ae259aff9d841da9"},
    {file = "PyQt6_sip-13.6.0-cp38-cp38-win_amd64.whl", hash = "sha256:9adf672f9114687533a74d5c2d4c03a9a929ad5ad9c3e88098a7da1a440ab916"},
    {file = "PyQt6_sip-13.6.0-cp39-cp39-macosx_10_9_universal2.whl", hash = "sha256:98bf954103b087162fa63b3a78f30b0b63da22fd6450b610ec1b851dbb798228"},
    {file = "PyQt6_sip-13.6.0-cp39-cp39-manylinux_2_5_x86_64.manylinux1_x86_64.whl", hash = "sha256:39854dba35f8e5a4288da26ecb5f40b4c5ec1932efffb3f49d5ea435a7f37fb3"},
    {file = "PyQt6_sip-13.6.0-cp39-cp39-win32.whl", hash = "sha256:747f6ca44af81777a2c696bd501bc4815a53ec6fc94d4e25830e10bc1391f8ab"},
    {file = "PyQt6_sip-13.6.0-cp39-cp39-win_amd64.whl", hash = "sha256:33ea771fe777eb0d1a2c3ef35bcc3f7a286eb3ff09cd5b2fdd3d87d1f392d7e8"},
    {file = "PyQt6_sip-13.6.0.tar.gz", hash = "sha256:2486e1588071943d4f6657ba09096dc9fffd2322ad2c30041e78ea3f037b5778"},
]

[[package]]
name = "python-xlib"
version = "0.33"
description = "Python X Library"
optional = false
python-versions = "*"
files = [
    {file = "python-xlib-0.33.tar.gz", hash = "sha256:55af7906a2c75ce6cb280a584776080602444f75815a7aff4d287bb2d7018b32"},
    {file = "python_xlib-0.33-py2.py3-none-any.whl", hash = "sha256:c3534038d42e0df2f1392a1b30a15a4ff5fdc2b86cfa94f072bf11b10a164398"},
]

[package.dependencies]
six = ">=1.10.0"

[[package]]
name = "pywin32-ctypes"
version = "0.2.2"
description = "A (partial) reimplementation of pywin32 using ctypes/cffi"
optional = false
python-versions = ">=3.6"
files = [
    {file = "pywin32-ctypes-0.2.2.tar.gz", hash = "sha256:3426e063bdd5fd4df74a14fa3cf80a0b42845a87e1d1e81f6549f9daec593a60"},
    {file = "pywin32_ctypes-0.2.2-py3-none-any.whl", hash = "sha256:bf490a1a709baf35d688fe0ecf980ed4de11d2b3e37b51e5442587a75d9957e7"},
]

[[package]]
name = "setuptools"
version = "68.2.2"
description = "Easily download, build, install, upgrade, and uninstall Python packages"
optional = false
python-versions = ">=3.8"
files = [
    {file = "setuptools-68.2.2-py3-none-any.whl", hash = "sha256:b454a35605876da60632df1a60f736524eb73cc47bbc9f3f1ef1b644de74fd2a"},
    {file = "setuptools-68.2.2.tar.gz", hash = "sha256:4ac1475276d2f1c48684874089fefcd83bd7162ddaafb81fac866ba0db282a87"},
]

[package.extras]
docs = ["furo", "jaraco.packaging (>=9.3)", "jaraco.tidelift (>=1.4)", "pygments-github-lexers (==0.0.5)", "rst.linker (>=1.9)", "sphinx (>=3.5)", "sphinx-favicon", "sphinx-hoverxref (<2)", "sphinx-inline-tabs", "sphinx-lint", "sphinx-notfound-page (>=1,<2)", "sphinx-reredirects", "sphinxcontrib-towncrier"]
testing = ["build[virtualenv]", "filelock (>=3.4.0)", "flake8-2020", "ini2toml[lite] (>=0.9)", "jaraco.develop (>=7.21)", "jaraco.envs (>=2.2)", "jaraco.path (>=3.2.0)", "pip (>=19.1)", "pytest (>=6)", "pytest-black (>=0.3.7)", "pytest-checkdocs (>=2.4)", "pytest-cov", "pytest-enabler (>=2.2)", "pytest-mypy (>=0.9.1)", "pytest-perf", "pytest-ruff", "pytest-timeout", "pytest-xdist", "tomli-w (>=1.0.0)", "virtualenv (>=13.0.0)", "wheel"]
testing-integration = ["build[virtualenv] (>=1.0.3)", "filelock (>=3.4.0)", "jaraco.envs (>=2.2)", "jaraco.path (>=3.2.0)", "packaging (>=23.1)", "pytest", "pytest-enabler", "pytest-xdist", "tomli", "virtualenv (>=13.0.0)", "wheel"]

[[package]]
name = "six"
version = "1.16.0"
description = "Python 2 and 3 compatibility utilities"
optional = false
python-versions = ">=2.7, !=3.0.*, !=3.1.*, !=3.2.*"
files = [
    {file = "six-1.16.0-py2.py3-none-any.whl", hash = "sha256:8abb2f1d86890a2dfb989f9a77cfcfd3e47c2a354b01111771326f8aa26e0254"},
    {file = "six-1.16.0.tar.gz", hash = "sha256:1e61c37477a1626458e36f7b1d82aa5c9b094fa4802892072e49de9c60c4c926"},
]

[[package]]
name = "xinput-python"
version = "0.4.0"
description = "A simple to use interface to the XInput API for Python"
optional = false
python-versions = "*"
files = [
    {file = "XInput-Python-0.4.0.tar.gz", hash = "sha256:470ea5e43c34596fde1d1e4548f6e4dfe2fbc071c2a51abc0dac01e757150932"},
    {file = "XInput_Python-0.4.0-py2.py3-none-any.whl", hash = "sha256:9eba53de9df39e030d9a46e3aeec6a76537ef057055628a008dba57022794f3f"},
]

[metadata]
lock-version = "2.0"
python-versions = ">=3.12,<3.13"
content-hash = "214db0fd614c5ed17d73b3b24b25136f1a1061c7aaec7484c471a0f2ad0893ea"
